
Microsoft Visual Studio Solution File, Format Version 12.00
Project("{FAE04EC0-301F-11D3-BF4B-00C04F79EFBC}") = "Windows-Font-Replacement-Tool", "Windows-Font-Replacement-Tool\Windows-Font-Replacement-Tool.csproj", "{07200783-932A-483C-9A93-7DCB658C5240}"
EndProject
Project("{FAE04EC0-301F-11D3-BF4B-00C04F79EFBC}") = "FontTool", "FontTool\FontTool.csproj", "{5ECEFDD9-7BAD-4D5B-AB2C-71564E26A42D}"
EndProject
Global
	GlobalSection(SolutionConfigurationPlatforms) = preSolution
		Debug|Any CPU = Debug|Any CPU
		Release|Any CPU = Release|Any CPU
	EndGlobalSection
	GlobalSection(ProjectConfigurationPlatforms) = postSolution
		{07200783-932A-483C-9A93-7DCB658C5240}.Debug|Any CPU.ActiveCfg = Debug|Any CPU
		{07200783-932A-483C-9A93-7DCB658C5240}.Debug|Any CPU.Build.0 = Debug|Any CPU
		{07200783-932A-483C-9A93-7DCB658C5240}.Release|Any CPU.ActiveCfg = Release|Any CPU
		{07200783-932A-483C-9A93-7DCB658C5240}.Release|Any CPU.Build.0 = Release|Any CPU
		{5ECEFDD9-7BAD-4D5B-AB2C-71564E26A42D}.Debug|Any CPU.ActiveCfg = Debug|Any CPU
		{5ECEFDD9-7BAD-4D5B-AB2C-71564E26A42D}.Debug|Any CPU.Build.0 = Debug|Any CPU
		{5ECEFDD9-7BAD-4D5B-AB2C-71564E26A42D}.Release|Any CPU.ActiveCfg = Release|Any CPU
		{5ECEFDD9-7BAD-4D5B-AB2C-71564E26A42D}.Release|Any CPU.Build.0 = Release|Any CPU
	EndGlobalSection
EndGlobal
